// !$*UTF8*$!
{
	archiveVersion = 1;
	classes = {
	};
	objectVersion = 55;
	objects = {

/* Begin PBXBuildFile section */
		C67C5C0228221CB20053C25E /* CommitMessageForgeApp.swift in Sources */ = {isa = PBXBuildFile; fileRef = C67C5C0128221CB20053C25E /* CommitMessageForgeApp.swift */; };
		C67C5C0428221CB20053C25E /* ContentView.swift in Sources */ = {isa = PBXBuildFile; fileRef = C67C5C0328221CB20053C25E /* ContentView.swift */; };
		C67C5C0628221CB40053C25E /* Assets.xcassets in Resources */ = {isa = PBXBuildFile; fileRef = C67C5C0528221CB40053C25E /* Assets.xcassets */; };
		C67C5C0928221CB40053C25E /* Preview Assets.xcassets in Resources */ = {isa = PBXBuildFile; fileRef = C67C5C0828221CB40053C25E /* Preview Assets.xcassets */; };
		C67C5C1428221CB40053C25E /* CommitMessageForgeTests.swift in Sources */ = {isa = PBXBuildFile; fileRef = C67C5C1328221CB40053C25E /* CommitMessageForgeTests.swift */; };
		C67C5C1E28221CB40053C25E /* CommitMessageForgeUITests.swift in Sources */ = {isa = PBXBuildFile; fileRef = C67C5C1D28221CB40053C25E /* CommitMessageForgeUITests.swift */; };
		C67C5C2028221CB40053C25E /* CommitMessageForgeUITestsLaunchTests.swift in Sources */ = {isa = PBXBuildFile; fileRef = C67C5C1F28221CB40053C25E /* CommitMessageForgeUITestsLaunchTests.swift */; };
		C67C5C2D282389710053C25E /* EditorView.swift in Sources */ = {isa = PBXBuildFile; fileRef = C67C5C2C282389710053C25E /* EditorView.swift */; };
		C67C5C2F28238DC40053C25E /* TypePickerView.swift in Sources */ = {isa = PBXBuildFile; fileRef = C67C5C2E28238DC40053C25E /* TypePickerView.swift */; };
/* End PBXBuildFile section */

/* Begin PBXContainerItemProxy section */
		C67C5C1028221CB40053C25E /* PBXContainerItemProxy */ = {
			isa = PBXContainerItemProxy;
			containerPortal = C67C5BF628221CB20053C25E /* Project object */;
			proxyType = 1;
			remoteGlobalIDString = C67C5BFD28221CB20053C25E;
			remoteInfo = CommitMessageForge;
		};
		C67C5C1A28221CB40053C25E /* PBXContainerItemProxy */ = {
			isa = PBXContainerItemProxy;
			containerPortal = C67C5BF628221CB20053C25E /* Project object */;
			proxyType = 1;
			remoteGlobalIDString = C67C5BFD28221CB20053C25E;
			remoteInfo = CommitMessageForge;
		};
/* End PBXContainerItemProxy section */

/* Begin PBXFileReference section */
		C67C5BFE28221CB20053C25E /* CommitMessageForge.app */ = {isa = PBXFileReference; explicitFileType = wrapper.application; includeInIndex = 0; path = CommitMessageForge.app; sourceTree = BUILT_PRODUCTS_DIR; };
		C67C5C0128221CB20053C25E /* CommitMessageForgeApp.swift */ = {isa = PBXFileReference; lastKnownFileType = sourcecode.swift; path = CommitMessageForgeApp.swift; sourceTree = "<group>"; };
		C67C5C0328221CB20053C25E /* ContentView.swift */ = {isa = PBXFileReference; lastKnownFileType = sourcecode.swift; path = ContentView.swift; sourceTree = "<group>"; };
		C67C5C0528221CB40053C25E /* Assets.xcassets */ = {isa = PBXFileReference; lastKnownFileType = folder.assetcatalog; path = Assets.xcassets; sourceTree = "<group>"; };
		C67C5C0828221CB40053C25E /* Preview Assets.xcassets */ = {isa = PBXFileReference; lastKnownFileType = folder.assetcatalog; path = "Preview Assets.xcassets"; sourceTree = "<group>"; };
		C67C5C0A28221CB40053C25E /* CommitMessageForge.entitlements */ = {isa = PBXFileReference; lastKnownFileType = text.plist.entitlements; path = CommitMessageForge.entitlements; sourceTree = "<group>"; };
		C67C5C0F28221CB40053C25E /* CommitMessageForgeTests.xctest */ = {isa = PBXFileReference; explicitFileType = wrapper.cfbundle; includeInIndex = 0; path = CommitMessageForgeTests.xctest; sourceTree = BUILT_PRODUCTS_DIR; };
		C67C5C1328221CB40053C25E /* CommitMessageForgeTests.swift */ = {isa = PBXFileReference; lastKnownFileType = sourcecode.swift; path = CommitMessageForgeTests.swift; sourceTree = "<group>"; };
		C67C5C1928221CB40053C25E /* CommitMessageForgeUITests.xctest */ = {isa = PBXFileReference; explicitFileType = wrapper.cfbundle; includeInIndex = 0; path = CommitMessageForgeUITests.xctest; sourceTree = BUILT_PRODUCTS_DIR; };
		C67C5C1D28221CB40053C25E /* CommitMessageForgeUITests.swift */ = {isa = PBXFileReference; lastKnownFileType = sourcecode.swift; path = CommitMessageForgeUITests.swift; sourceTree = "<group>"; };
		C67C5C1F28221CB40053C25E /* CommitMessageForgeUITestsLaunchTests.swift */ = {isa = PBXFileReference; lastKnownFileType = sourcecode.swift; path = CommitMessageForgeUITestsLaunchTests.swift; sourceTree = "<group>"; };
		C67C5C2C282389710053C25E /* EditorView.swift */ = {isa = PBXFileReference; lastKnownFileType = sourcecode.swift; path = EditorView.swift; sourceTree = "<group>"; };
		C67C5C2E28238DC40053C25E /* TypePickerView.swift */ = {isa = PBXFileReference; lastKnownFileType = sourcecode.swift; path = TypePickerView.swift; sourceTree = "<group>"; };
/* End PBXFileReference section */

/* Begin PBXFrameworksBuildPhase section */
		C67C5BFB28221CB20053C25E /* Frameworks */ = {
			isa = PBXFrameworksBuildPhase;
			buildActionMask = 2147483647;
			files = (
			);
			runOnlyForDeploymentPostprocessing = 0;
		};
		C67C5C0C28221CB40053C25E /* Frameworks */ = {
			isa = PBXFrameworksBuildPhase;
			buildActionMask = 2147483647;
			files = (
			);
			runOnlyForDeploymentPostprocessing = 0;
		};
		C67C5C1628221CB40053C25E /* Frameworks */ = {
			isa = PBXFrameworksBuildPhase;
			buildActionMask = 2147483647;
			files = (
			);
			runOnlyForDeploymentPostprocessing = 0;
		};
/* End PBXFrameworksBuildPhase section */

/* Begin PBXGroup section */
		C67C5BF528221CB20053C25E = {
			isa = PBXGroup;
			children = (
				C67C5C0028221CB20053C25E /* CommitMessageForge */,
				C67C5C1228221CB40053C25E /* CommitMessageForgeTests */,
				C67C5C1C28221CB40053C25E /* CommitMessageForgeUITests */,
				C67C5BFF28221CB20053C25E /* Products */,
			);
			sourceTree = "<group>";
		};
		C67C5BFF28221CB20053C25E /* Products */ = {
			isa = PBXGroup;
			children = (
				C67C5BFE28221CB20053C25E /* CommitMessageForge.app */,
				C67C5C0F28221CB40053C25E /* CommitMessageForgeTests.xctest */,
				C67C5C1928221CB40053C25E /* CommitMessageForgeUITests.xctest */,
			);
			name = Products;
			sourceTree = "<group>";
		};
		C67C5C0028221CB20053C25E /* CommitMessageForge */ = {
			isa = PBXGroup;
			children = (
				C67C5C0128221CB20053C25E /* CommitMessageForgeApp.swift */,
				C67C5C0328221CB20053C25E /* ContentView.swift */,
				C67C5C2C282389710053C25E /* EditorView.swift */,
				C67C5C2E28238DC40053C25E /* TypePickerView.swift */,
				C67C5C0528221CB40053C25E /* Assets.xcassets */,
				C67C5C0A28221CB40053C25E /* CommitMessageForge.entitlements */,
				C67C5C0728221CB40053C25E /* Preview Content */,
			);
			path = CommitMessageForge;
			sourceTree = "<group>";
		};
		C67C5C0728221CB40053C25E /* Preview Content */ = {
			isa = PBXGroup;
			children = (
				C67C5C0828221CB40053C25E /* Preview Assets.xcassets */,
			);
			path = "Preview Content";
			sourceTree = "<group>";
		};
		C67C5C1228221CB40053C25E /* CommitMessageForgeTests */ = {
			isa = PBXGroup;
			children = (
				C67C5C1328221CB40053C25E /* CommitMessageForgeTests.swift */,
			);
			path = CommitMessageForgeTests;
			sourceTree = "<group>";
		};
		C67C5C1C28221CB40053C25E /* CommitMessageForgeUITests */ = {
			isa = PBXGroup;
			children = (
				C67C5C1D28221CB40053C25E /* CommitMessageForgeUITests.swift */,
				C67C5C1F28221CB40053C25E /* CommitMessageForgeUITestsLaunchTests.swift */,
			);
			path = CommitMessageForgeUITests;
			sourceTree = "<group>";
		};
/* End PBXGroup section */

/* Begin PBXNativeTarget section */
		C67C5BFD28221CB20053C25E /* CommitMessageForge */ = {
			isa = PBXNativeTarget;
			buildConfigurationList = C67C5C2328221CB40053C25E /* Build configuration list for PBXNativeTarget "CommitMessageForge" */;
			buildPhases = (
				C67C5BFA28221CB20053C25E /* Sources */,
				C67C5BFB28221CB20053C25E /* Frameworks */,
				C67C5BFC28221CB20053C25E /* Resources */,
			);
			buildRules = (
			);
			dependencies = (
			);
			name = CommitMessageForge;
			productName = CommitMessageForge;
			productReference = C67C5BFE28221CB20053C25E /* CommitMessageForge.app */;
			productType = "com.apple.product-type.application";
		};
		C67C5C0E28221CB40053C25E /* CommitMessageForgeTests */ = {
			isa = PBXNativeTarget;
			buildConfigurationList = C67C5C2628221CB40053C25E /* Build configuration list for PBXNativeTarget "CommitMessageForgeTests" */;
			buildPhases = (
				C67C5C0B28221CB40053C25E /* Sources */,
				C67C5C0C28221CB40053C25E /* Frameworks */,
				C67C5C0D28221CB40053C25E /* Resources */,
			);
			buildRules = (
			);
			dependencies = (
				C67C5C1128221CB40053C25E /* PBXTargetDependency */,
			);
			name = CommitMessageForgeTests;
			productName = CommitMessageForgeTests;
			productReference = C67C5C0F28221CB40053C25E /* CommitMessageForgeTests.xctest */;
			productType = "com.apple.product-type.bundle.unit-test";
		};
		C67C5C1828221CB40053C25E /* CommitMessageForgeUITests */ = {
			isa = PBXNativeTarget;
			buildConfigurationList = C67C5C2928221CB40053C25E /* Build configuration list for PBXNativeTarget "CommitMessageForgeUITests" */;
			buildPhases = (
				C67C5C1528221CB40053C25E /* Sources */,
				C67C5C1628221CB40053C25E /* Frameworks */,
				C67C5C1728221CB40053C25E /* Resources */,
			);
			buildRules = (
			);
			dependencies = (
				C67C5C1B28221CB40053C25E /* PBXTargetDependency */,
			);
			name = CommitMessageForgeUITests;
			productName = CommitMessageForgeUITests;
			productReference = C67C5C1928221CB40053C25E /* CommitMessageForgeUITests.xctest */;
			productType = "com.apple.product-type.bundle.ui-testing";
		};
/* End PBXNativeTarget section */

/* Begin PBXProject section */
		C67C5BF628221CB20053C25E /* Project object */ = {
			isa = PBXProject;
			attributes = {
				BuildIndependentTargetsInParallel = 1;
				LastSwiftUpdateCheck = 1330;
				LastUpgradeCheck = 1330;
				TargetAttributes = {
					C67C5BFD28221CB20053C25E = {
						CreatedOnToolsVersion = 13.3;
					};
					C67C5C0E28221CB40053C25E = {
						CreatedOnToolsVersion = 13.3;
						TestTargetID = C67C5BFD28221CB20053C25E;
					};
					C67C5C1828221CB40053C25E = {
						CreatedOnToolsVersion = 13.3;
						TestTargetID = C67C5BFD28221CB20053C25E;
					};
				};
			};
			buildConfigurationList = C67C5BF928221CB20053C25E /* Build configuration list for PBXProject "CommitMessageForge" */;
			compatibilityVersion = "Xcode 13.0";
			developmentRegion = en;
			hasScannedForEncodings = 0;
			knownRegions = (
				en,
				Base,
			);
			mainGroup = C67C5BF528221CB20053C25E;
			productRefGroup = C67C5BFF28221CB20053C25E /* Products */;
			projectDirPath = "";
			projectRoot = "";
			targets = (
				C67C5BFD28221CB20053C25E /* CommitMessageForge */,
				C67C5C0E28221CB40053C25E /* CommitMessageForgeTests */,
				C67C5C1828221CB40053C25E /* CommitMessageForgeUITests */,
			);
		};
/* End PBXProject section */

/* Begin PBXResourcesBuildPhase section */
		C67C5BFC28221CB20053C25E /* Resources */ = {
			isa = PBXResourcesBuildPhase;
			buildActionMask = 2147483647;
			files = (
				C67C5C0928221CB40053C25E /* Preview Assets.xcassets in Resources */,
				C67C5C0628221CB40053C25E /* Assets.xcassets in Resources */,
			);
			runOnlyForDeploymentPostprocessing = 0;
		};
		C67C5C0D28221CB40053C25E /* Resources */ = {
			isa = PBXResourcesBuildPhase;
			buildActionMask = 2147483647;
			files = (
			);
			runOnlyForDeploymentPostprocessing = 0;
		};
		C67C5C1728221CB40053C25E /* Resources */ = {
			isa = PBXResourcesBuildPhase;
			buildActionMask = 2147483647;
			files = (
			);
			runOnlyForDeploymentPostprocessing = 0;
		};
/* End PBXResourcesBuildPhase section */

/* Begin PBXSourcesBuildPhase section */
		C67C5BFA28221CB20053C25E /* Sources */ = {
			isa = PBXSourcesBuildPhase;
			buildActionMask = 2147483647;
			files = (
				C67C5C2D282389710053C25E /* EditorView.swift in Sources */,
				C67C5C0428221CB20053C25E /* ContentView.swift in Sources */,
				C67C5C2F28238DC40053C25E /* TypePickerView.swift in Sources */,
				C67C5C0228221CB20053C25E /* CommitMessageForgeApp.swift in Sources */,
			);
			runOnlyForDeploymentPostprocessing = 0;
		};
		C67C5C0B28221CB40053C25E /* Sources */ = {
			isa = PBXSourcesBuildPhase;
			buildActionMask = 2147483647;
			files = (
				C67C5C1428221CB40053C25E /* CommitMessageForgeTests.swift in Sources */,
			);
			runOnlyForDeploymentPostprocessing = 0;
		};
		C67C5C1528221CB40053C25E /* Sources */ = {
			isa = PBXSourcesBuildPhase;
			buildActionMask = 2147483647;
			files = (
				C67C5C1E28221CB40053C25E /* CommitMessageForgeUITests.swift in Sources */,
				C67C5C2028221CB40053C25E /* CommitMessageForgeUITestsLaunchTests.swift in Sources */,
			);
			runOnlyForDeploymentPostprocessing = 0;
		};
/* End PBXSourcesBuildPhase section */

/* Begin PBXTargetDependency section */
		C67C5C1128221CB40053C25E /* PBXTargetDependency */ = {
			isa = PBXTargetDependency;
			target = C67C5BFD28221CB20053C25E /* CommitMessageForge */;
			targetProxy = C67C5C1028221CB40053C25E /* PBXContainerItemProxy */;
		};
		C67C5C1B28221CB40053C25E /* PBXTargetDependency */ = {
			isa = PBXTargetDependency;
			target = C67C5BFD28221CB20053C25E /* CommitMessageForge */;
			targetProxy = C67C5C1A28221CB40053C25E /* PBXContainerItemProxy */;
		};
/* End PBXTargetDependency section */

/* Begin XCBuildConfiguration section */
		C67C5C2128221CB40053C25E /* Debug */ = {
			isa = XCBuildConfiguration;
			buildSettings = {
				ALWAYS_SEARCH_USER_PATHS = NO;
				CLANG_ANALYZER_NONNULL = YES;
				CLANG_ANALYZER_NUMBER_OBJECT_CONVERSION = YES_AGGRESSIVE;
				CLANG_CXX_LANGUAGE_STANDARD = "gnu++17";
				CLANG_ENABLE_MODULES = YES;
				CLANG_ENABLE_OBJC_ARC = YES;
				CLANG_ENABLE_OBJC_WEAK = YES;
				CLANG_WARN_BLOCK_CAPTURE_AUTORELEASING = YES;
				CLANG_WARN_BOOL_CONVERSION = YES;
				CLANG_WARN_COMMA = YES;
				CLANG_WARN_CONSTANT_CONVERSION = YES;
				CLANG_WARN_DEPRECATED_OBJC_IMPLEMENTATIONS = YES;
				CLANG_WARN_DIRECT_OBJC_ISA_USAGE = YES_ERROR;
				CLANG_WARN_DOCUMENTATION_COMMENTS = YES;
				CLANG_WARN_EMPTY_BODY = YES;
				CLANG_WARN_ENUM_CONVERSION = YES;
				CLANG_WARN_INFINITE_RECURSION = YES;
				CLANG_WARN_INT_CONVERSION = YES;
				CLANG_WARN_NON_LITERAL_NULL_CONVERSION = YES;
				CLANG_WARN_OBJC_IMPLICIT_RETAIN_SELF = YES;
				CLANG_WARN_OBJC_LITERAL_CONVERSION = YES;
				CLANG_WARN_OBJC_ROOT_CLASS = YES_ERROR;
				CLANG_WARN_QUOTED_INCLUDE_IN_FRAMEWORK_HEADER = YES;
				CLANG_WARN_RANGE_LOOP_ANALYSIS = YES;
				CLANG_WARN_STRICT_PROTOTYPES = YES;
				CLANG_WARN_SUSPICIOUS_MOVE = YES;
				CLANG_WARN_UNGUARDED_AVAILABILITY = YES_AGGRESSIVE;
				CLANG_WARN_UNREACHABLE_CODE = YES;
				CLANG_WARN__DUPLICATE_METHOD_MATCH = YES;
				COPY_PHASE_STRIP = NO;
				DEBUG_INFORMATION_FORMAT = dwarf;
				ENABLE_STRICT_OBJC_MSGSEND = YES;
				ENABLE_TESTABILITY = YES;
				GCC_C_LANGUAGE_STANDARD = gnu11;
				GCC_DYNAMIC_NO_PIC = NO;
				GCC_NO_COMMON_BLOCKS = YES;
				GCC_OPTIMIZATION_LEVEL = 0;
				GCC_PREPROCESSOR_DEFINITIONS = (
					"DEBUG=1",
					"$(inherited)",
				);
				GCC_WARN_64_TO_32_BIT_CONVERSION = YES;
				GCC_WARN_ABOUT_RETURN_TYPE = YES_ERROR;
				GCC_WARN_UNDECLARED_SELECTOR = YES;
				GCC_WARN_UNINITIALIZED_AUTOS = YES_AGGRESSIVE;
				GCC_WARN_UNUSED_FUNCTION = YES;
				GCC_WARN_UNUSED_VARIABLE = YES;
				MACOSX_DEPLOYMENT_TARGET = 12.3;
				MTL_ENABLE_DEBUG_INFO = INCLUDE_SOURCE;
				MTL_FAST_MATH = YES;
				ONLY_ACTIVE_ARCH = YES;
				SDKROOT = macosx;
				SWIFT_ACTIVE_COMPILATION_CONDITIONS = DEBUG;
				SWIFT_OPTIMIZATION_LEVEL = "-Onone";
			};
			name = Debug;
		};
		C67C5C2228221CB40053C25E /* Release */ = {
			isa = XCBuildConfiguration;
			buildSettings = {
				ALWAYS_SEARCH_USER_PATHS = NO;
				CLANG_ANALYZER_NONNULL = YES;
				CLANG_ANALYZER_NUMBER_OBJECT_CONVERSION = YES_AGGRESSIVE;
				CLANG_CXX_LANGUAGE_STANDARD = "gnu++17";
				CLANG_ENABLE_MODULES = YES;
				CLANG_ENABLE_OBJC_ARC = YES;
				CLANG_ENABLE_OBJC_WEAK = YES;
				CLANG_WARN_BLOCK_CAPTURE_AUTORELEASING = YES;
				CLANG_WARN_BOOL_CONVERSION = YES;
				CLANG_WARN_COMMA = YES;
				CLANG_WARN_CONSTANT_CONVERSION = YES;
				CLANG_WARN_DEPRECATED_OBJC_IMPLEMENTATIONS = YES;
				CLANG_WARN_DIRECT_OBJC_ISA_USAGE = YES_ERROR;
				CLANG_WARN_DOCUMENTATION_COMMENTS = YES;
				CLANG_WARN_EMPTY_BODY = YES;
				CLANG_WARN_ENUM_CONVERSION = YES;
				CLANG_WARN_INFINITE_RECURSION = YES;
				CLANG_WARN_INT_CONVERSION = YES;
				CLANG_WARN_NON_LITERAL_NULL_CONVERSION = YES;
				CLANG_WARN_OBJC_IMPLICIT_RETAIN_SELF = YES;
				CLANG_WARN_OBJC_LITERAL_CONVERSION = YES;
				CLANG_WARN_OBJC_ROOT_CLASS = YES_ERROR;
				CLANG_WARN_QUOTED_INCLUDE_IN_FRAMEWORK_HEADER = YES;
				CLANG_WARN_RANGE_LOOP_ANALYSIS = YES;
				CLANG_WARN_STRICT_PROTOTYPES = YES;
				CLANG_WARN_SUSPICIOUS_MOVE = YES;
				CLANG_WARN_UNGUARDED_AVAILABILITY = YES_AGGRESSIVE;
				CLANG_WARN_UNREACHABLE_CODE = YES;
				CLANG_WARN__DUPLICATE_METHOD_MATCH = YES;
				COPY_PHASE_STRIP = NO;
				DEBUG_INFORMATION_FORMAT = "dwarf-with-dsym";
				ENABLE_NS_ASSERTIONS = NO;
				ENABLE_STRICT_OBJC_MSGSEND = YES;
				GCC_C_LANGUAGE_STANDARD = gnu11;
				GCC_NO_COMMON_BLOCKS = YES;
				GCC_WARN_64_TO_32_BIT_CONVERSION = YES;
				GCC_WARN_ABOUT_RETURN_TYPE = YES_ERROR;
				GCC_WARN_UNDECLARED_SELECTOR = YES;
				GCC_WARN_UNINITIALIZED_AUTOS = YES_AGGRESSIVE;
				GCC_WARN_UNUSED_FUNCTION = YES;
				GCC_WARN_UNUSED_VARIABLE = YES;
				MACOSX_DEPLOYMENT_TARGET = 12.3;
				MTL_ENABLE_DEBUG_INFO = NO;
				MTL_FAST_MATH = YES;
				SDKROOT = macosx;
				SWIFT_COMPILATION_MODE = wholemodule;
				SWIFT_OPTIMIZATION_LEVEL = "-O";
			};
			name = Release;
		};
		C67C5C2428221CB40053C25E /* Debug */ = {
			isa = XCBuildConfiguration;
			buildSettings = {
				ASSETCATALOG_COMPILER_APPICON_NAME = AppIcon;
				ASSETCATALOG_COMPILER_GLOBAL_ACCENT_COLOR_NAME = AccentColor;
				CODE_SIGN_ENTITLEMENTS = CommitMessageForge/CommitMessageForge.entitlements;
				CODE_SIGN_STYLE = Automatic;
				COMBINE_HIDPI_IMAGES = YES;
				CURRENT_PROJECT_VERSION = 1;
				DEVELOPMENT_ASSET_PATHS = "\"CommitMessageForge/Preview Content\"";
				DEVELOPMENT_TEAM = 5A8HG8D246;
				ENABLE_HARDENED_RUNTIME = YES;
				ENABLE_PREVIEWS = YES;
				GENERATE_INFOPLIST_FILE = YES;
				INFOPLIST_KEY_NSHumanReadableCopyright = "";
				LD_RUNPATH_SEARCH_PATHS = (
					"$(inherited)",
					"@executable_path/../Frameworks",
				);
				MARKETING_VERSION = 1.0;
				PRODUCT_BUNDLE_IDENTIFIER = pomodorozhong.CommitMessageForge;
				PRODUCT_NAME = "$(TARGET_NAME)";
				SWIFT_EMIT_LOC_STRINGS = YES;
				SWIFT_VERSION = 5.0;
			};
			name = Debug;
		};
		C67C5C2528221CB40053C25E /* Release */ = {
			isa = XCBuildConfiguration;
			buildSettings = {
				ASSETCATALOG_COMPILER_APPICON_NAME = AppIcon;
				ASSETCATALOG_COMPILER_GLOBAL_ACCENT_COLOR_NAME = AccentColor;
				CODE_SIGN_ENTITLEMENTS = CommitMessageForge/CommitMessageForge.entitlements;
				CODE_SIGN_STYLE = Automatic;
				COMBINE_HIDPI_IMAGES = YES;
				CURRENT_PROJECT_VERSION = 1;
				DEVELOPMENT_ASSET_PATHS = "\"CommitMessageForge/Preview Content\"";
				DEVELOPMENT_TEAM = 5A8HG8D246;
				ENABLE_HARDENED_RUNTIME = YES;
				ENABLE_PREVIEWS = YES;
				GENERATE_INFOPLIST_FILE = YES;
				INFOPLIST_KEY_NSHumanReadableCopyright = "";
				LD_RUNPATH_SEARCH_PATHS = (
					"$(inherited)",
					"@executable_path/../Frameworks",
				);
				MARKETING_VERSION = 1.0;
				PRODUCT_BUNDLE_IDENTIFIER = pomodorozhong.CommitMessageForge;
				PRODUCT_NAME = "$(TARGET_NAME)";
				SWIFT_EMIT_LOC_STRINGS = YES;
				SWIFT_VERSION = 5.0;
			};
			name = Release;
		};
		C67C5C2728221CB40053C25E /* Debug */ = {
			isa = XCBuildConfiguration;
			buildSettings = {
				ALWAYS_EMBED_SWIFT_STANDARD_LIBRARIES = YES;
				BUNDLE_LOADER = "$(TEST_HOST)";
				CODE_SIGN_STYLE = Automatic;
				CURRENT_PROJECT_VERSION = 1;
				DEVELOPMENT_TEAM = 5A8HG8D246;
				GENERATE_INFOPLIST_FILE = YES;
				MACOSX_DEPLOYMENT_TARGET = 12.3;
				MARKETING_VERSION = 1.0;
				PRODUCT_BUNDLE_IDENTIFIER = pomodorozhong.CommitMessageForgeTests;
				PRODUCT_NAME = "$(TARGET_NAME)";
				SWIFT_EMIT_LOC_STRINGS = NO;
				SWIFT_VERSION = 5.0;
				TEST_HOST = "$(BUILT_PRODUCTS_DIR)/CommitMessageForge.app/Contents/MacOS/CommitMessageForge";
			};
			name = Debug;
		};
		C67C5C2828221CB40053C25E /* Release */ = {
			isa = XCBuildConfiguration;
			buildSettings = {
				ALWAYS_EMBED_SWIFT_STANDARD_LIBRARIES = YES;
				BUNDLE_LOADER = "$(TEST_HOST)";
				CODE_SIGN_STYLE = Automatic;
				CURRENT_PROJECT_VERSION = 1;
				DEVELOPMENT_TEAM = 5A8HG8D246;
				GENERATE_INFOPLIST_FILE = YES;
				MACOSX_DEPLOYMENT_TARGET = 12.3;
				MARKETING_VERSION = 1.0;
				PRODUCT_BUNDLE_IDENTIFIER = pomodorozhong.CommitMessageForgeTests;
				PRODUCT_NAME = "$(TARGET_NAME)";
				SWIFT_EMIT_LOC_STRINGS = NO;
				SWIFT_VERSION = 5.0;
				TEST_HOST = "$(BUILT_PRODUCTS_DIR)/CommitMessageForge.app/Contents/MacOS/CommitMessageForge";
			};
			name = Release;
		};
		C67C5C2A28221CB40053C25E /* Debug */ = {
			isa = XCBuildConfiguration;
			buildSettings = {
				ALWAYS_EMBED_SWIFT_STANDARD_LIBRARIES = YES;
				CODE_SIGN_STYLE = Automatic;
				CURRENT_PROJECT_VERSION = 1;
				DEVELOPMENT_TEAM = 5A8HG8D246;
				GENERATE_INFOPLIST_FILE = YES;
				MARKETING_VERSION = 1.0;
				PRODUCT_BUNDLE_IDENTIFIER = pomodorozhong.CommitMessageForgeUITests;
				PRODUCT_NAME = "$(TARGET_NAME)";
				SWIFT_EMIT_LOC_STRINGS = NO;
				SWIFT_VERSION = 5.0;
				TEST_TARGET_NAME = CommitMessageForge;
			};
			name = Debug;
		};
		C67C5C2B28221CB40053C25E /* Release */ = {
			isa = XCBuildConfiguration;
			buildSettings = {
				ALWAYS_EMBED_SWIFT_STANDARD_LIBRARIES = YES;
				CODE_SIGN_STYLE = Automatic;
				CURRENT_PROJECT_VERSION = 1;
				DEVELOPMENT_TEAM = 5A8HG8D246;
				GENERATE_INFOPLIST_FILE = YES;
				MARKETING_VERSION = 1.0;
				PRODUCT_BUNDLE_IDENTIFIER = pomodorozhong.CommitMessageForgeUITests;
				PRODUCT_NAME = "$(TARGET_NAME)";
				SWIFT_EMIT_LOC_STRINGS = NO;
				SWIFT_VERSION = 5.0;
				TEST_TARGET_NAME = CommitMessageForge;
			};
			name = Release;
		};
/* End XCBuildConfiguration section */

/* Begin XCConfigurationList section */
		C67C5BF928221CB20053C25E /* Build configuration list for PBXProject "CommitMessageForge" */ = {
			isa = XCConfigurationList;
			buildConfigurations = (
				C67C5C2128221CB40053C25E /* Debug */,
				C67C5C2228221CB40053C25E /* Release */,
			);
			defaultConfigurationIsVisible = 0;
			defaultConfigurationName = Release;
		};
		C67C5C2328221CB40053C25E /* Build configuration list for PBXNativeTarget "CommitMessageForge" */ = {
			isa = XCConfigurationList;
			buildConfigurations = (
				C67C5C2428221CB40053C25E /* Debug */,
				C67C5C2528221CB40053C25E /* Release */,
			);
			defaultConfigurationIsVisible = 0;
			defaultConfigurationName = Release;
		};
		C67C5C2628221CB40053C25E /* Build configuration list for PBXNativeTarget "CommitMessageForgeTests" */ = {
			isa = XCConfigurationList;
			buildConfigurations = (
				C67C5C2728221CB40053C25E /* Debug */,
				C67C5C2828221CB40053C25E /* Release */,
			);
			defaultConfigurationIsVisible = 0;
			defaultConfigurationName = Release;
		};
		C67C5C2928221CB40053C25E /* Build configuration list for PBXNativeTarget "CommitMessageForgeUITests" */ = {
			isa = XCConfigurationList;
			buildConfigurations = (
				C67C5C2A28221CB40053C25E /* Debug */,
				C67C5C2B28221CB40053C25E /* Release */,
			);
			defaultConfigurationIsVisible = 0;
			defaultConfigurationName = Release;
		};
/* End XCConfigurationList section */
	};
	rootObject = C67C5BF628221CB20053C25E /* Project object */;
}
